
Microsoft Visual Studio Solution File, Format Version 12.00
# Visual Studio Version 17
VisualStudioVersion = 17.13.35913.81 d17.13
MinimumVisualStudioVersion = 10.0.40219.1
Project("{FAE04EC0-301F-11D3-BF4B-00C04F79EFBC}") = "GestaoDeEquipamentosV2.ConsoleApp", "GestaoDeEquipamentosV2.ConsoleApp\GestaoDeEquipamentosV2.ConsoleApp.csproj", "{59F8DB01-5511-4779-BF08-1806DF67FDEE}"
EndProject
Global
	GlobalSection(SolutionConfigurationPlatforms) = preSolution
		Debug|Any CPU = Debug|Any CPU
		Release|Any CPU = Release|Any CPU
	EndGlobalSection
	GlobalSection(ProjectConfigurationPlatforms) = postSolution
		{59F8DB01-5511-4779-BF08-1806DF67FDEE}.Debug|Any CPU.ActiveCfg = Debug|Any CPU
		{59F8DB01-5511-4779-BF08-1806DF67FDEE}.Debug|Any CPU.Build.0 = Debug|Any CPU
		{59F8DB01-5511-4779-BF08-1806DF67FDEE}.Release|Any CPU.ActiveCfg = Release|Any CPU
		{59F8DB01-5511-4779-BF08-1806DF67FDEE}.Release|Any CPU.Build.0 = Release|Any CPU
	EndGlobalSection
	GlobalSection(SolutionProperties) = preSolution
		HideSolutionNode = FALSE
	EndGlobalSection
	GlobalSection(ExtensibilityGlobals) = postSolution
		SolutionGuid = {2ED879F1-A12C-4503-B7DF-FDBFA78D39EB}
	EndGlobalSection
EndGlobal
